
Microsoft Visual Studio Solution File, Format Version 12.00
# Visual Studio Version 16
VisualStudioVersion = 16.0.31605.320
MinimumVisualStudioVersion = 10.0.40219.1
Project("{FAE04EC0-301F-11D3-BF4B-00C04F79EFBC}") = "BasicAPIDemo", "BasicAPIDemo\BasicAPIDemo.csproj", "{C17DFDC5-5A5D-4243-85F8-09DE42A21E31}"
EndProject
Global
	GlobalSection(SolutionConfigurationPlatforms) = preSolution
		Debug|Any CPU = Debug|Any CPU
		Release|Any CPU = Release|Any CPU
	EndGlobalSection
	GlobalSection(ProjectConfigurationPlatforms) = postSolution
		{C17DFDC5-5A5D-4243-85F8-09DE42A21E31}.Debug|Any CPU.ActiveCfg = Debug|Any CPU
		{C17DFDC5-5A5D-4243-85F8-09DE42A21E31}.Debug|Any CPU.Build.0 = Debug|Any CPU
		{C17DFDC5-5A5D-4243-85F8-09DE42A21E31}.Release|Any CPU.ActiveCfg = Release|Any CPU
		{C17DFDC5-5A5D-4243-85F8-09DE42A21E31}.Release|Any CPU.Build.0 = Release|Any CPU
	EndGlobalSection
	GlobalSection(SolutionProperties) = preSolution
		HideSolutionNode = FALSE
	EndGlobalSection
	GlobalSection(ExtensibilityGlobals) = postSolution
		SolutionGuid = {F86D0131-C0F8-4444-8081-E41FCC6DC05E}
	EndGlobalSection
EndGlobal
